
Microsoft Visual Studio Solution File, Format Version 12.00
# Visual Studio Version 17
VisualStudioVersion = 17.7.34009.444
MinimumVisualStudioVersion = 10.0.40219.1
Project("{FAE04EC0-301F-11D3-BF4B-00C04F79EFBC}") = "MineSweeper", "MineSweeper\MineSweeper.csproj", "{3AFA79D4-163C-4866-97F2-368A35FF6D88}"
EndProject
Global
	GlobalSection(SolutionConfigurationPlatforms) = preSolution
		Debug|Any CPU = Debug|Any CPU
		Release|Any CPU = Release|Any CPU
	EndGlobalSection
	GlobalSection(ProjectConfigurationPlatforms) = postSolution
		{3AFA79D4-163C-4866-97F2-368A35FF6D88}.Debug|Any CPU.ActiveCfg = Debug|Any CPU
		{3AFA79D4-163C-4866-97F2-368A35FF6D88}.Debug|Any CPU.Build.0 = Debug|Any CPU
		{3AFA79D4-163C-4866-97F2-368A35FF6D88}.Release|Any CPU.ActiveCfg = Release|Any CPU
		{3AFA79D4-163C-4866-97F2-368A35FF6D88}.Release|Any CPU.Build.0 = Release|Any CPU
	EndGlobalSection
	GlobalSection(SolutionProperties) = preSolution
		HideSolutionNode = FALSE
	EndGlobalSection
	GlobalSection(ExtensibilityGlobals) = postSolution
		SolutionGuid = {F8117E9A-7721-4EEB-AF62-5C5529967A16}
	EndGlobalSection
EndGlobal
